
Microsoft Visual Studio Solution File, Format Version 12.00
# Visual Studio Version 17
VisualStudioVersion = 17.7.34024.191
MinimumVisualStudioVersion = 10.0.40219.1
Project("{FAE04EC0-301F-11D3-BF4B-00C04F79EFBC}") = "taimer", "taimer\taimer.csproj", "{32BEB360-364A-4DCD-A7D6-077BD15865D3}"
EndProject
Global
	GlobalSection(SolutionConfigurationPlatforms) = preSolution
		Debug|Any CPU = Debug|Any CPU
		Release|Any CPU = Release|Any CPU
	EndGlobalSection
	GlobalSection(ProjectConfigurationPlatforms) = postSolution
		{32BEB360-364A-4DCD-A7D6-077BD15865D3}.Debug|Any CPU.ActiveCfg = Debug|Any CPU
		{32BEB360-364A-4DCD-A7D6-077BD15865D3}.Debug|Any CPU.Build.0 = Debug|Any CPU
		{32BEB360-364A-4DCD-A7D6-077BD15865D3}.Release|Any CPU.ActiveCfg = Release|Any CPU
		{32BEB360-364A-4DCD-A7D6-077BD15865D3}.Release|Any CPU.Build.0 = Release|Any CPU
	EndGlobalSection
	GlobalSection(SolutionProperties) = preSolution
		HideSolutionNode = FALSE
	EndGlobalSection
	GlobalSection(ExtensibilityGlobals) = postSolution
		SolutionGuid = {69AC3CE7-640D-4BCA-B370-684300BF860F}
	EndGlobalSection
EndGlobal
